{
  "name": "diamora-properties-landing-page",
  "version": "1.0.0",
  "lockfileVersion": 3,
  "requires": true,
  "packages": {
    "": {
      "name": "diamora-properties-landing-page",
      "version": "1.0.0",
      "license": "UNLICENSED",
      "dependencies": {
        "logrocket": "^12.3.0"
      }
    },
    "node_modules/logrocket": {
      "version": "12.3.0",
      "resolved": "https://registry.npmjs.org/logrocket/-/logrocket-12.3.0.tgz",
      "integrity": "sha512-qgzRu5nDxrVCXV4bnhgKUTUc0UmEKvx15jRE2hPqK4gxxius+2ePwxvq4/krxnBaLf2TWdtMwf+d6xE3Ya4I5A=="
    }
  }
}
